
Microsoft Visual Studio Solution File, Format Version 12.00
# Visual Studio 15
VisualStudioVersion = 15.0.28307.960
MinimumVisualStudioVersion = 10.0.40219.1
Project("{FAE04EC0-301F-11D3-BF4B-00C04F79EFBC}") = "Encryption", "Encryption\Encryption.csproj", "{6B0E2E8C-BFB0-44E3-9F09-CE3C4A144864}"
EndProject
Global
	GlobalSection(SolutionConfigurationPlatforms) = preSolution
		Debug|Any CPU = Debug|Any CPU
		Release|Any CPU = Release|Any CPU
	EndGlobalSection
	GlobalSection(ProjectConfigurationPlatforms) = postSolution
		{6B0E2E8C-BFB0-44E3-9F09-CE3C4A144864}.Debug|Any CPU.ActiveCfg = Debug|Any CPU
		{6B0E2E8C-BFB0-44E3-9F09-CE3C4A144864}.Debug|Any CPU.Build.0 = Debug|Any CPU
		{6B0E2E8C-BFB0-44E3-9F09-CE3C4A144864}.Release|Any CPU.ActiveCfg = Release|Any CPU
		{6B0E2E8C-BFB0-44E3-9F09-CE3C4A144864}.Release|Any CPU.Build.0 = Release|Any CPU
	EndGlobalSection
	GlobalSection(SolutionProperties) = preSolution
		HideSolutionNode = FALSE
	EndGlobalSection
	GlobalSection(ExtensibilityGlobals) = postSolution
		SolutionGuid = {0C85C202-3612-47D3-A333-6F6BA1BCF915}
	EndGlobalSection
EndGlobal
